// !$*UTF8*$!
{
	archiveVersion = 1;
	classes = {
	};
	objectVersion = 56;
	objects = {

/* Begin PBXBuildFile section */
		3B259B182B7E80E00060CE0B /* AppDelegate.swift in Sources */ = {isa = PBXBuildFile; fileRef = 3B259B172B7E80E00060CE0B /* AppDelegate.swift */; };
		3B259B1A2B7E80E00060CE0B /* SceneDelegate.swift in Sources */ = {isa = PBXBuildFile; fileRef = 3B259B192B7E80E00060CE0B /* SceneDelegate.swift */; };
		3B259B1C2B7E80E00060CE0B /* ViewController.swift in Sources */ = {isa = PBXBuildFile; fileRef = 3B259B1B2B7E80E00060CE0B /* ViewController.swift */; };
		3B259B1F2B7E80E00060CE0B /* Main.storyboard in Resources */ = {isa = PBXBuildFile; fileRef = 3B259B1D2B7E80E00060CE0B /* Main.storyboard */; };
		3B259B212B7E80E20060CE0B /* Assets.xcassets in Resources */ = {isa = PBXBuildFile; fileRef = 3B259B202B7E80E20060CE0B /* Assets.xcassets */; };
		3B259B242B7E80E20060CE0B /* LaunchScreen.storyboard in Resources */ = {isa = PBXBuildFile; fileRef = 3B259B222B7E80E20060CE0B /* LaunchScreen.storyboard */; };
		3B2871842BB8329E00A174FC /* ScoreViewController.swift in Sources */ = {isa = PBXBuildFile; fileRef = 3B2871832BB8329E00A174FC /* ScoreViewController.swift */; };
		3B63FDAE2B87A65300071DB3 /* StartViewController.swift in Sources */ = {isa = PBXBuildFile; fileRef = 3B63FDAD2B87A65300071DB3 /* StartViewController.swift */; };
		3B851E082BC45E8A00F8165A /* TableViewCell.swift in Sources */ = {isa = PBXBuildFile; fileRef = 3B851E072BC45E8A00F8165A /* TableViewCell.swift */; };
		3B9C11362BA0B9C60094B20C /* SettingsViewController.swift in Sources */ = {isa = PBXBuildFile; fileRef = 3B9C11352BA0B9C60094B20C /* SettingsViewController.swift */; };
		3BDFC4352B90E31E00E400A8 /* UIButton+extensions.swift in Sources */ = {isa = PBXBuildFile; fileRef = 3BDFC4342B90E31E00E400A8 /* UIButton+extensions.swift */; };
		3BDFC43D2B97783300E400A8 /* GreatVibes-Regular.otf in Resources */ = {isa = PBXBuildFile; fileRef = 3BDFC43C2B97783300E400A8 /* GreatVibes-Regular.otf */; };
		3BDFC4442B978ED000E400A8 /* abosanova.ttf in Resources */ = {isa = PBXBuildFile; fileRef = 3BDFC4432B978ED000E400A8 /* abosanova.ttf */; };
		3BE2A9042BFCF991009AA8D5 /* Strings+extension.swift in Sources */ = {isa = PBXBuildFile; fileRef = 3BE2A9032BFCF991009AA8D5 /* Strings+extension.swift */; };
		3BE2A9092BFCF9D8009AA8D5 /* Localizable.strings in Resources */ = {isa = PBXBuildFile; fileRef = 3BE2A9072BFCF9D8009AA8D5 /* Localizable.strings */; };
/* End PBXBuildFile section */

/* Begin PBXFileReference section */
		3B259B142B7E80E00060CE0B /* Sumbarine.app */ = {isa = PBXFileReference; explicitFileType = wrapper.application; includeInIndex = 0; path = Sumbarine.app; sourceTree = BUILT_PRODUCTS_DIR; };
		3B259B172B7E80E00060CE0B /* AppDelegate.swift */ = {isa = PBXFileReference; lastKnownFileType = sourcecode.swift; path = AppDelegate.swift; sourceTree = "<group>"; };
		3B259B192B7E80E00060CE0B /* SceneDelegate.swift */ = {isa = PBXFileReference; lastKnownFileType = sourcecode.swift; path = SceneDelegate.swift; sourceTree = "<group>"; };
		3B259B1B2B7E80E00060CE0B /* ViewController.swift */ = {isa = PBXFileReference; lastKnownFileType = sourcecode.swift; path = ViewController.swift; sourceTree = "<group>"; };
		3B259B1E2B7E80E00060CE0B /* Base */ = {isa = PBXFileReference; lastKnownFileType = file.storyboard; name = Base; path = Base.lproj/Main.storyboard; sourceTree = "<group>"; };
		3B259B202B7E80E20060CE0B /* Assets.xcassets */ = {isa = PBXFileReference; lastKnownFileType = folder.assetcatalog; path = Assets.xcassets; sourceTree = "<group>"; };
		3B259B232B7E80E20060CE0B /* Base */ = {isa = PBXFileReference; lastKnownFileType = file.storyboard; name = Base; path = Base.lproj/LaunchScreen.storyboard; sourceTree = "<group>"; };
		3B259B252B7E80E20060CE0B /* Info.plist */ = {isa = PBXFileReference; lastKnownFileType = text.plist.xml; path = Info.plist; sourceTree = "<group>"; };
		3B2871832BB8329E00A174FC /* ScoreViewController.swift */ = {isa = PBXFileReference; lastKnownFileType = sourcecode.swift; path = ScoreViewController.swift; sourceTree = "<group>"; };
		3B63FDAD2B87A65300071DB3 /* StartViewController.swift */ = {isa = PBXFileReference; lastKnownFileType = sourcecode.swift; path = StartViewController.swift; sourceTree = "<group>"; };
		3B851E072BC45E8A00F8165A /* TableViewCell.swift */ = {isa = PBXFileReference; lastKnownFileType = sourcecode.swift; path = TableViewCell.swift; sourceTree = "<group>"; };
		3B9C11352BA0B9C60094B20C /* SettingsViewController.swift */ = {isa = PBXFileReference; lastKnownFileType = sourcecode.swift; path = SettingsViewController.swift; sourceTree = "<group>"; };
		3BDFC4342B90E31E00E400A8 /* UIButton+extensions.swift */ = {isa = PBXFileReference; lastKnownFileType = sourcecode.swift; path = "UIButton+extensions.swift"; sourceTree = "<group>"; };
		3BDFC43C2B97783300E400A8 /* GreatVibes-Regular.otf */ = {isa = PBXFileReference; lastKnownFileType = file; path = "GreatVibes-Regular.otf"; sourceTree = "<group>"; };
		3BDFC4432B978ED000E400A8 /* abosanova.ttf */ = {isa = PBXFileReference; lastKnownFileType = file; path = abosanova.ttf; sourceTree = "<group>"; };
		3BE2A9032BFCF991009AA8D5 /* Strings+extension.swift */ = {isa = PBXFileReference; lastKnownFileType = sourcecode.swift; path = "Strings+extension.swift"; sourceTree = "<group>"; };
		3BE2A9052BFCF9CB009AA8D5 /* ru */ = {isa = PBXFileReference; lastKnownFileType = text.plist.strings; name = ru; path = ru.lproj/Main.strings; sourceTree = "<group>"; };
		3BE2A9062BFCF9CB009AA8D5 /* ru */ = {isa = PBXFileReference; lastKnownFileType = text.plist.strings; name = ru; path = ru.lproj/LaunchScreen.strings; sourceTree = "<group>"; };
		3BE2A9082BFCF9D8009AA8D5 /* en */ = {isa = PBXFileReference; lastKnownFileType = text.plist.strings; name = en; path = en.lproj/Localizable.strings; sourceTree = "<group>"; };
		3BE2A90A2BFCF9DE009AA8D5 /* ru */ = {isa = PBXFileReference; lastKnownFileType = text.plist.strings; name = ru; path = ru.lproj/Localizable.strings; sourceTree = "<group>"; };
/* End PBXFileReference section */

/* Begin PBXFrameworksBuildPhase section */
		3B259B112B7E80E00060CE0B /* Frameworks */ = {
			isa = PBXFrameworksBuildPhase;
			buildActionMask = 2147483647;
			files = (
			);
			runOnlyForDeploymentPostprocessing = 0;
		};
/* End PBXFrameworksBuildPhase section */

/* Begin PBXGroup section */
		3B259B0B2B7E80DF0060CE0B = {
			isa = PBXGroup;
			children = (
				3BE2A9072BFCF9D8009AA8D5 /* Localizable.strings */,
				3BDFC43E2B97783F00E400A8 /* Fonts */,
				3B259B162B7E80E00060CE0B /* Sumbarine */,
				3B259B152B7E80E00060CE0B /* Products */,
			);
			sourceTree = "<group>";
		};
		3B259B152B7E80E00060CE0B /* Products */ = {
			isa = PBXGroup;
			children = (
				3B259B142B7E80E00060CE0B /* Sumbarine.app */,
			);
			name = Products;
			sourceTree = "<group>";
		};
		3B259B162B7E80E00060CE0B /* Sumbarine */ = {
			isa = PBXGroup;
			children = (
				3B259B172B7E80E00060CE0B /* AppDelegate.swift */,
				3B259B192B7E80E00060CE0B /* SceneDelegate.swift */,
				3B63FDB02B87A67B00071DB3 /* ViewControllers */,
				3BDFC4332B90E2EF00E400A8 /* Extensions */,
				3B259B1D2B7E80E00060CE0B /* Main.storyboard */,
				3B259B222B7E80E20060CE0B /* LaunchScreen.storyboard */,
				3B259B202B7E80E20060CE0B /* Assets.xcassets */,
				3B259B252B7E80E20060CE0B /* Info.plist */,
			);
			path = Sumbarine;
			sourceTree = "<group>";
		};
		3B63FDB02B87A67B00071DB3 /* ViewControllers */ = {
			isa = PBXGroup;
			children = (
				3B63FDAD2B87A65300071DB3 /* StartViewController.swift */,
				3B259B1B2B7E80E00060CE0B /* ViewController.swift */,
				3B9C11352BA0B9C60094B20C /* SettingsViewController.swift */,
				3B2871832BB8329E00A174FC /* ScoreViewController.swift */,
				3B851E092BC45E9000F8165A /* Cell */,
			);
			path = ViewControllers;
			sourceTree = "<group>";
		};
		3B851E092BC45E9000F8165A /* Cell */ = {
			isa = PBXGroup;
			children = (
				3B851E072BC45E8A00F8165A /* TableViewCell.swift */,
			);
			path = Cell;
			sourceTree = "<group>";
		};
		3BDFC4332B90E2EF00E400A8 /* Extensions */ = {
			isa = PBXGroup;
			children = (
				3BDFC4342B90E31E00E400A8 /* UIButton+extensions.swift */,
				3BE2A9032BFCF991009AA8D5 /* Strings+extension.swift */,
			);
			path = Extensions;
			sourceTree = "<group>";
		};
		3BDFC43E2B97783F00E400A8 /* Fonts */ = {
			isa = PBXGroup;
			children = (
				3BDFC4432B978ED000E400A8 /* abosanova.ttf */,
				3BDFC43C2B97783300E400A8 /* GreatVibes-Regular.otf */,
			);
			path = Fonts;
			sourceTree = "<group>";
		};
/* End PBXGroup section */

/* Begin PBXNativeTarget section */
		3B259B132B7E80E00060CE0B /* Sumbarine */ = {
			isa = PBXNativeTarget;
			buildConfigurationList = 3B259B282B7E80E20060CE0B /* Build configuration list for PBXNativeTarget "Sumbarine" */;
			buildPhases = (
				3B259B102B7E80E00060CE0B /* Sources */,
				3B259B112B7E80E00060CE0B /* Frameworks */,
				3B259B122B7E80E00060CE0B /* Resources */,
			);
			buildRules = (
			);
			dependencies = (
			);
			name = Sumbarine;
			productName = Sumbarine;
			productReference = 3B259B142B7E80E00060CE0B /* Sumbarine.app */;
			productType = "com.apple.product-type.application";
		};
/* End PBXNativeTarget section */

/* Begin PBXProject section */
		3B259B0C2B7E80DF0060CE0B /* Project object */ = {
			isa = PBXProject;
			attributes = {
				BuildIndependentTargetsInParallel = 1;
				LastSwiftUpdateCheck = 1520;
				LastUpgradeCheck = 1520;
				TargetAttributes = {
					3B259B132B7E80E00060CE0B = {
						CreatedOnToolsVersion = 15.2;
					};
				};
			};
			buildConfigurationList = 3B259B0F2B7E80DF0060CE0B /* Build configuration list for PBXProject "Sumbarine" */;
			compatibilityVersion = "Xcode 14.0";
			developmentRegion = en;
			hasScannedForEncodings = 0;
			knownRegions = (
				en,
				Base,
				ru,
			);
			mainGroup = 3B259B0B2B7E80DF0060CE0B;
			productRefGroup = 3B259B152B7E80E00060CE0B /* Products */;
			projectDirPath = "";
			projectRoot = "";
			targets = (
				3B259B132B7E80E00060CE0B /* Sumbarine */,
			);
		};
/* End PBXProject section */

/* Begin PBXResourcesBuildPhase section */
		3B259B122B7E80E00060CE0B /* Resources */ = {
			isa = PBXResourcesBuildPhase;
			buildActionMask = 2147483647;
			files = (
				3BDFC43D2B97783300E400A8 /* GreatVibes-Regular.otf in Resources */,
				3BE2A9092BFCF9D8009AA8D5 /* Localizable.strings in Resources */,
				3B259B242B7E80E20060CE0B /* LaunchScreen.storyboard in Resources */,
				3B259B212B7E80E20060CE0B /* Assets.xcassets in Resources */,
				3B259B1F2B7E80E00060CE0B /* Main.storyboard in Resources */,
				3BDFC4442B978ED000E400A8 /* abosanova.ttf in Resources */,
			);
			runOnlyForDeploymentPostprocessing = 0;
		};
/* End PBXResourcesBuildPhase section */

/* Begin PBXSourcesBuildPhase section */
		3B259B102B7E80E00060CE0B /* Sources */ = {
			isa = PBXSourcesBuildPhase;
			buildActionMask = 2147483647;
			files = (
				3B2871842BB8329E00A174FC /* ScoreViewController.swift in Sources */,
				3B851E082BC45E8A00F8165A /* TableViewCell.swift in Sources */,
				3BE2A9042BFCF991009AA8D5 /* Strings+extension.swift in Sources */,
				3BDFC4352B90E31E00E400A8 /* UIButton+extensions.swift in Sources */,
				3B259B1C2B7E80E00060CE0B /* ViewController.swift in Sources */,
				3B63FDAE2B87A65300071DB3 /* StartViewController.swift in Sources */,
				3B259B182B7E80E00060CE0B /* AppDelegate.swift in Sources */,
				3B259B1A2B7E80E00060CE0B /* SceneDelegate.swift in Sources */,
				3B9C11362BA0B9C60094B20C /* SettingsViewController.swift in Sources */,
			);
			runOnlyForDeploymentPostprocessing = 0;
		};
/* End PBXSourcesBuildPhase section */

/* Begin PBXVariantGroup section */
		3B259B1D2B7E80E00060CE0B /* Main.storyboard */ = {
			isa = PBXVariantGroup;
			children = (
				3B259B1E2B7E80E00060CE0B /* Base */,
				3BE2A9052BFCF9CB009AA8D5 /* ru */,
			);
			name = Main.storyboard;
			sourceTree = "<group>";
		};
		3B259B222B7E80E20060CE0B /* LaunchScreen.storyboard */ = {
			isa = PBXVariantGroup;
			children = (
				3B259B232B7E80E20060CE0B /* Base */,
				3BE2A9062BFCF9CB009AA8D5 /* ru */,
			);
			name = LaunchScreen.storyboard;
			sourceTree = "<group>";
		};
		3BE2A9072BFCF9D8009AA8D5 /* Localizable.strings */ = {
			isa = PBXVariantGroup;
			children = (
				3BE2A9082BFCF9D8009AA8D5 /* en */,
				3BE2A90A2BFCF9DE009AA8D5 /* ru */,
			);
			name = Localizable.strings;
			sourceTree = "<group>";
		};
/* End PBXVariantGroup section */

/* Begin XCBuildConfiguration section */
		3B259B262B7E80E20060CE0B /* Debug */ = {
			isa = XCBuildConfiguration;
			buildSettings = {
				ALWAYS_SEARCH_USER_PATHS = NO;
				ASSETCATALOG_COMPILER_GENERATE_SWIFT_ASSET_SYMBOL_EXTENSIONS = YES;
				CLANG_ANALYZER_LOCALIZABILITY_NONLOCALIZED = YES;
				CLANG_ANALYZER_NONNULL = YES;
				CLANG_ANALYZER_NUMBER_OBJECT_CONVERSION = YES_AGGRESSIVE;
				CLANG_CXX_LANGUAGE_STANDARD = "gnu++20";
				CLANG_ENABLE_MODULES = YES;
				CLANG_ENABLE_OBJC_ARC = YES;
				CLANG_ENABLE_OBJC_WEAK = YES;
				CLANG_WARN_BLOCK_CAPTURE_AUTORELEASING = YES;
				CLANG_WARN_BOOL_CONVERSION = YES;
				CLANG_WARN_COMMA = YES;
				CLANG_WARN_CONSTANT_CONVERSION = YES;
				CLANG_WARN_DEPRECATED_OBJC_IMPLEMENTATIONS = YES;
				CLANG_WARN_DIRECT_OBJC_ISA_USAGE = YES_ERROR;
				CLANG_WARN_DOCUMENTATION_COMMENTS = YES;
				CLANG_WARN_EMPTY_BODY = YES;
				CLANG_WARN_ENUM_CONVERSION = YES;
				CLANG_WARN_INFINITE_RECURSION = YES;
				CLANG_WARN_INT_CONVERSION = YES;
				CLANG_WARN_NON_LITERAL_NULL_CONVERSION = YES;
				CLANG_WARN_OBJC_IMPLICIT_RETAIN_SELF = YES;
				CLANG_WARN_OBJC_LITERAL_CONVERSION = YES;
				CLANG_WARN_OBJC_ROOT_CLASS = YES_ERROR;
				CLANG_WARN_QUOTED_INCLUDE_IN_FRAMEWORK_HEADER = YES;
				CLANG_WARN_RANGE_LOOP_ANALYSIS = YES;
				CLANG_WARN_STRICT_PROTOTYPES = YES;
				CLANG_WARN_SUSPICIOUS_MOVE = YES;
				CLANG_WARN_UNGUARDED_AVAILABILITY = YES_AGGRESSIVE;
				CLANG_WARN_UNREACHABLE_CODE = YES;
				CLANG_WARN__DUPLICATE_METHOD_MATCH = YES;
				COPY_PHASE_STRIP = NO;
				DEBUG_INFORMATION_FORMAT = dwarf;
				ENABLE_STRICT_OBJC_MSGSEND = YES;
				ENABLE_TESTABILITY = YES;
				ENABLE_USER_SCRIPT_SANDBOXING = YES;
				GCC_C_LANGUAGE_STANDARD = gnu17;
				GCC_DYNAMIC_NO_PIC = NO;
				GCC_NO_COMMON_BLOCKS = YES;
				GCC_OPTIMIZATION_LEVEL = 0;
				GCC_PREPROCESSOR_DEFINITIONS = (
					"DEBUG=1",
					"$(inherited)",
				);
				GCC_WARN_64_TO_32_BIT_CONVERSION = YES;
				GCC_WARN_ABOUT_RETURN_TYPE = YES_ERROR;
				GCC_WARN_UNDECLARED_SELECTOR = YES;
				GCC_WARN_UNINITIALIZED_AUTOS = YES_AGGRESSIVE;
				GCC_WARN_UNUSED_FUNCTION = YES;
				GCC_WARN_UNUSED_VARIABLE = YES;
				IPHONEOS_DEPLOYMENT_TARGET = 17.2;
				LOCALIZATION_PREFERS_STRING_CATALOGS = YES;
				MTL_ENABLE_DEBUG_INFO = INCLUDE_SOURCE;
				MTL_FAST_MATH = YES;
				ONLY_ACTIVE_ARCH = YES;
				SDKROOT = iphoneos;
				SWIFT_ACTIVE_COMPILATION_CONDITIONS = "DEBUG $(inherited)";
				SWIFT_OPTIMIZATION_LEVEL = "-Onone";
			};
			name = Debug;
		};
		3B259B272B7E80E20060CE0B /* Release */ = {
			isa = XCBuildConfiguration;
			buildSettings = {
				ALWAYS_SEARCH_USER_PATHS = NO;
				ASSETCATALOG_COMPILER_GENERATE_SWIFT_ASSET_SYMBOL_EXTENSIONS = YES;
				CLANG_ANALYZER_LOCALIZABILITY_NONLOCALIZED = YES;
				CLANG_ANALYZER_NONNULL = YES;
				CLANG_ANALYZER_NUMBER_OBJECT_CONVERSION = YES_AGGRESSIVE;
				CLANG_CXX_LANGUAGE_STANDARD = "gnu++20";
				CLANG_ENABLE_MODULES = YES;
				CLANG_ENABLE_OBJC_ARC = YES;
				CLANG_ENABLE_OBJC_WEAK = YES;
				CLANG_WARN_BLOCK_CAPTURE_AUTORELEASING = YES;
				CLANG_WARN_BOOL_CONVERSION = YES;
				CLANG_WARN_COMMA = YES;
				CLANG_WARN_CONSTANT_CONVERSION = YES;
				CLANG_WARN_DEPRECATED_OBJC_IMPLEMENTATIONS = YES;
				CLANG_WARN_DIRECT_OBJC_ISA_USAGE = YES_ERROR;
				CLANG_WARN_DOCUMENTATION_COMMENTS = YES;
				CLANG_WARN_EMPTY_BODY = YES;
				CLANG_WARN_ENUM_CONVERSION = YES;
				CLANG_WARN_INFINITE_RECURSION = YES;
				CLANG_WARN_INT_CONVERSION = YES;
				CLANG_WARN_NON_LITERAL_NULL_CONVERSION = YES;
				CLANG_WARN_OBJC_IMPLICIT_RETAIN_SELF = YES;
				CLANG_WARN_OBJC_LITERAL_CONVERSION = YES;
				CLANG_WARN_OBJC_ROOT_CLASS = YES_ERROR;
				CLANG_WARN_QUOTED_INCLUDE_IN_FRAMEWORK_HEADER = YES;
				CLANG_WARN_RANGE_LOOP_ANALYSIS = YES;
				CLANG_WARN_STRICT_PROTOTYPES = YES;
				CLANG_WARN_SUSPICIOUS_MOVE = YES;
				CLANG_WARN_UNGUARDED_AVAILABILITY = YES_AGGRESSIVE;
				CLANG_WARN_UNREACHABLE_CODE = YES;
				CLANG_WARN__DUPLICATE_METHOD_MATCH = YES;
				COPY_PHASE_STRIP = NO;
				DEBUG_INFORMATION_FORMAT = "dwarf-with-dsym";
				ENABLE_NS_ASSERTIONS = NO;
				ENABLE_STRICT_OBJC_MSGSEND = YES;
				ENABLE_USER_SCRIPT_SANDBOXING = YES;
				GCC_C_LANGUAGE_STANDARD = gnu17;
				GCC_NO_COMMON_BLOCKS = YES;
				GCC_WARN_64_TO_32_BIT_CONVERSION = YES;
				GCC_WARN_ABOUT_RETURN_TYPE = YES_ERROR;
				GCC_WARN_UNDECLARED_SELECTOR = YES;
				GCC_WARN_UNINITIALIZED_AUTOS = YES_AGGRESSIVE;
				GCC_WARN_UNUSED_FUNCTION = YES;
				GCC_WARN_UNUSED_VARIABLE = YES;
				IPHONEOS_DEPLOYMENT_TARGET = 17.2;
				LOCALIZATION_PREFERS_STRING_CATALOGS = YES;
				MTL_ENABLE_DEBUG_INFO = NO;
				MTL_FAST_MATH = YES;
				SDKROOT = iphoneos;
				SWIFT_COMPILATION_MODE = wholemodule;
				VALIDATE_PRODUCT = YES;
			};
			name = Release;
		};
		3B259B292B7E80E20060CE0B /* Debug */ = {
			isa = XCBuildConfiguration;
			buildSettings = {
				ASSETCATALOG_COMPILER_APPICON_NAME = AppIcon;
				ASSETCATALOG_COMPILER_GLOBAL_ACCENT_COLOR_NAME = AccentColor;
				CODE_SIGN_STYLE = Automatic;
				CURRENT_PROJECT_VERSION = 1;
				DEVELOPMENT_TEAM = AMUG4JV66R;
				GENERATE_INFOPLIST_FILE = YES;
				INFOPLIST_FILE = Sumbarine/Info.plist;
				INFOPLIST_KEY_UIApplicationSupportsIndirectInputEvents = YES;
				INFOPLIST_KEY_UILaunchStoryboardName = LaunchScreen;
				INFOPLIST_KEY_UIMainStoryboardFile = Main;
				INFOPLIST_KEY_UISupportedInterfaceOrientations = UIInterfaceOrientationLandscapeRight;
				INFOPLIST_KEY_UISupportedInterfaceOrientations_iPad = "UIInterfaceOrientationLandscapeLeft UIInterfaceOrientationLandscapeRight UIInterfaceOrientationPortrait UIInterfaceOrientationPortraitUpsideDown";
				LD_RUNPATH_SEARCH_PATHS = (
					"$(inherited)",
					"@executable_path/Frameworks",
				);
				MARKETING_VERSION = 1.0;
				PRODUCT_BUNDLE_IDENTIFIER = "Denis-Raiko.Sumbarine";
				PRODUCT_NAME = "$(TARGET_NAME)";
				SUPPORTED_PLATFORMS = "iphoneos iphonesimulator";
				SUPPORTS_MACCATALYST = NO;
				SUPPORTS_MAC_DESIGNED_FOR_IPHONE_IPAD = NO;
				SUPPORTS_XR_DESIGNED_FOR_IPHONE_IPAD = NO;
				SWIFT_EMIT_LOC_STRINGS = YES;
				SWIFT_VERSION = 5.0;
				TARGETED_DEVICE_FAMILY = 1;
			};
			name = Debug;
		};
		3B259B2A2B7E80E20060CE0B /* Release */ = {
			isa = XCBuildConfiguration;
			buildSettings = {
				ASSETCATALOG_COMPILER_APPICON_NAME = AppIcon;
				ASSETCATALOG_COMPILER_GLOBAL_ACCENT_COLOR_NAME = AccentColor;
				CODE_SIGN_STYLE = Automatic;
				CURRENT_PROJECT_VERSION = 1;
				DEVELOPMENT_TEAM = AMUG4JV66R;
				GENERATE_INFOPLIST_FILE = YES;
				INFOPLIST_FILE = Sumbarine/Info.plist;
				INFOPLIST_KEY_UIApplicationSupportsIndirectInputEvents = YES;
				INFOPLIST_KEY_UILaunchStoryboardName = LaunchScreen;
				INFOPLIST_KEY_UIMainStoryboardFile = Main;
				INFOPLIST_KEY_UISupportedInterfaceOrientations = UIInterfaceOrientationLandscapeRight;
				INFOPLIST_KEY_UISupportedInterfaceOrientations_iPad = "UIInterfaceOrientationLandscapeLeft UIInterfaceOrientationLandscapeRight UIInterfaceOrientationPortrait UIInterfaceOrientationPortraitUpsideDown";
				LD_RUNPATH_SEARCH_PATHS = (
					"$(inherited)",
					"@executable_path/Frameworks",
				);
				MARKETING_VERSION = 1.0;
				PRODUCT_BUNDLE_IDENTIFIER = "Denis-Raiko.Sumbarine";
				PRODUCT_NAME = "$(TARGET_NAME)";
				SUPPORTED_PLATFORMS = "iphoneos iphonesimulator";
				SUPPORTS_MACCATALYST = NO;
				SUPPORTS_MAC_DESIGNED_FOR_IPHONE_IPAD = NO;
				SUPPORTS_XR_DESIGNED_FOR_IPHONE_IPAD = NO;
				SWIFT_EMIT_LOC_STRINGS = YES;
				SWIFT_VERSION = 5.0;
				TARGETED_DEVICE_FAMILY = 1;
			};
			name = Release;
		};
/* End XCBuildConfiguration section */

/* Begin XCConfigurationList section */
		3B259B0F2B7E80DF0060CE0B /* Build configuration list for PBXProject "Sumbarine" */ = {
			isa = XCConfigurationList;
			buildConfigurations = (
				3B259B262B7E80E20060CE0B /* Debug */,
				3B259B272B7E80E20060CE0B /* Release */,
			);
			defaultConfigurationIsVisible = 0;
			defaultConfigurationName = Release;
		};
		3B259B282B7E80E20060CE0B /* Build configuration list for PBXNativeTarget "Sumbarine" */ = {
			isa = XCConfigurationList;
			buildConfigurations = (
				3B259B292B7E80E20060CE0B /* Debug */,
				3B259B2A2B7E80E20060CE0B /* Release */,
			);
			defaultConfigurationIsVisible = 0;
			defaultConfigurationName = Release;
		};
/* End XCConfigurationList section */
	};
	rootObject = 3B259B0C2B7E80DF0060CE0B /* Project object */;
}
